
Microsoft Visual Studio Solution File, Format Version 12.00
Project("{FAE04EC0-301F-11D3-BF4B-00C04F79EFBC}") = "General.API", "General.API\General.API.csproj", "{5E74668C-6D63-4D93-BD18-16C109B415ED}"
	ProjectSection(ProjectDependencies) = postProject
		{C4F0E4F3-11F9-4580-BECF-5748367389C3} = {C4F0E4F3-11F9-4580-BECF-5748367389C3}
	EndProjectSection
EndProject
Project("{FAE04EC0-301F-11D3-BF4B-00C04F79EFBC}") = "General.Infrastructure", "General.Infrastructure\General.Infrastructure.csproj", "{D2E4EECD-81BC-44A0-B4BE-33ED6BE12A74}"
EndProject
Project("{FAE04EC0-301F-11D3-BF4B-00C04F79EFBC}") = "General.Application", "General.Application\General.Application.csproj", "{2C5D2A0F-19A2-41FB-9928-6CE590E21756}"
EndProject
Project("{FAE04EC0-301F-11D3-BF4B-00C04F79EFBC}") = "General.Core", "General.Core\General.Core.csproj", "{75F13D11-9F9B-4C5A-8429-4E5FA43CA578}"
EndProject
Project("{FAE04EC0-301F-11D3-BF4B-00C04F79EFBC}") = "Common", "Common\Common.csproj", "{8CCB35F3-893E-48C7-BDAF-D3712CE702C4}"
EndProject
Project("{FAE04EC0-301F-11D3-BF4B-00C04F79EFBC}") = "WebClient", "WebClient\WebClient.csproj", "{54A855AC-8892-4DCD-998C-E8A5C9150B21}"
EndProject
Project("{FAE04EC0-301F-11D3-BF4B-00C04F79EFBC}") = "Gateway", "Gateway\Gateway.csproj", "{2E9CCDB0-0542-4402-A253-108771FCED9C}"
EndProject
Project("{FAE04EC0-301F-11D3-BF4B-00C04F79EFBC}") = "Authentication.API", "Authentication.API\Authentication.API.csproj", "{59074E5F-D7D7-4311-910F-C4FEB00980BA}"
EndProject
Project("{FAE04EC0-301F-11D3-BF4B-00C04F79EFBC}") = "Authentication.Application", "Authentication.Application\Authentication.Application.csproj", "{3D5E5596-9536-43F7-8EC3-3F6C4AA12587}"
EndProject
Project("{FAE04EC0-301F-11D3-BF4B-00C04F79EFBC}") = "Authentication.Infrastructure", "Authentication.Infrastructure\Authentication.Infrastructure.csproj", "{87837523-34F4-4BD2-BC79-F54F3F7D9B42}"
EndProject
Project("{2150E333-8FDC-42A3-9474-1A3956D46DE8}") = "General", "General", "{DFC2B09B-4FC8-43F2-97E9-ACA6B866D7A8}"
EndProject
Project("{2150E333-8FDC-42A3-9474-1A3956D46DE8}") = "Authentication", "Authentication", "{DC7CC707-8D6D-46F8-92D3-445BCA763F8A}"
EndProject
Project("{FAE04EC0-301F-11D3-BF4B-00C04F79EFBC}") = "Common.Api", "Common.Api\Common.Api.csproj", "{C4F0E4F3-11F9-4580-BECF-5748367389C3}"
EndProject
Project("{2150E333-8FDC-42A3-9474-1A3956D46DE8}") = "Customer", "Customer", "{A878D46B-850E-4398-8E4B-99E8E2F9B199}"
EndProject
Project("{FAE04EC0-301F-11D3-BF4B-00C04F79EFBC}") = "Customer.API", "Customer.API\Customer.API.csproj", "{4ADBC43E-4B7F-43E3-8A70-FE5D4B5F8AB5}"
EndProject
Project("{FAE04EC0-301F-11D3-BF4B-00C04F79EFBC}") = "Customer.Infrastructure", "Customer.Infrastructure\Customer.Infrastructure.csproj", "{6A0A2A0C-76B3-49D3-9A1E-3208F76CF66E}"
EndProject
Project("{FAE04EC0-301F-11D3-BF4B-00C04F79EFBC}") = "Customer.Core", "Customer.Core\Customer.Core.csproj", "{6EE37A90-2D5F-42C5-BB08-4D69509A5DA9}"
EndProject
Project("{FAE04EC0-301F-11D3-BF4B-00C04F79EFBC}") = "Customer.Application", "Customer.Application\Customer.Application.csproj", "{2C0A7DF6-ADC0-4F44-857C-B5A571FC10F6}"
EndProject
Project("{FAE04EC0-301F-11D3-BF4B-00C04F79EFBC}") = "General.Consumer", "General.Consumer\General.Consumer.csproj", "{D6254F9B-0AB1-440E-9F66-84F02B47F62A}"
EndProject
Global
	GlobalSection(SolutionConfigurationPlatforms) = preSolution
		Debug|Any CPU = Debug|Any CPU
		Release|Any CPU = Release|Any CPU
	EndGlobalSection
	GlobalSection(ProjectConfigurationPlatforms) = postSolution
		{5E74668C-6D63-4D93-BD18-16C109B415ED}.Debug|Any CPU.ActiveCfg = Debug|Any CPU
		{5E74668C-6D63-4D93-BD18-16C109B415ED}.Debug|Any CPU.Build.0 = Debug|Any CPU
		{5E74668C-6D63-4D93-BD18-16C109B415ED}.Release|Any CPU.ActiveCfg = Release|Any CPU
		{5E74668C-6D63-4D93-BD18-16C109B415ED}.Release|Any CPU.Build.0 = Release|Any CPU
		{D2E4EECD-81BC-44A0-B4BE-33ED6BE12A74}.Debug|Any CPU.ActiveCfg = Debug|Any CPU
		{D2E4EECD-81BC-44A0-B4BE-33ED6BE12A74}.Debug|Any CPU.Build.0 = Debug|Any CPU
		{D2E4EECD-81BC-44A0-B4BE-33ED6BE12A74}.Release|Any CPU.ActiveCfg = Release|Any CPU
		{D2E4EECD-81BC-44A0-B4BE-33ED6BE12A74}.Release|Any CPU.Build.0 = Release|Any CPU
		{2C5D2A0F-19A2-41FB-9928-6CE590E21756}.Debug|Any CPU.ActiveCfg = Debug|Any CPU
		{2C5D2A0F-19A2-41FB-9928-6CE590E21756}.Debug|Any CPU.Build.0 = Debug|Any CPU
		{2C5D2A0F-19A2-41FB-9928-6CE590E21756}.Release|Any CPU.ActiveCfg = Release|Any CPU
		{2C5D2A0F-19A2-41FB-9928-6CE590E21756}.Release|Any CPU.Build.0 = Release|Any CPU
		{75F13D11-9F9B-4C5A-8429-4E5FA43CA578}.Debug|Any CPU.ActiveCfg = Debug|Any CPU
		{75F13D11-9F9B-4C5A-8429-4E5FA43CA578}.Debug|Any CPU.Build.0 = Debug|Any CPU
		{75F13D11-9F9B-4C5A-8429-4E5FA43CA578}.Release|Any CPU.ActiveCfg = Release|Any CPU
		{75F13D11-9F9B-4C5A-8429-4E5FA43CA578}.Release|Any CPU.Build.0 = Release|Any CPU
		{8CCB35F3-893E-48C7-BDAF-D3712CE702C4}.Debug|Any CPU.ActiveCfg = Debug|Any CPU
		{8CCB35F3-893E-48C7-BDAF-D3712CE702C4}.Debug|Any CPU.Build.0 = Debug|Any CPU
		{8CCB35F3-893E-48C7-BDAF-D3712CE702C4}.Release|Any CPU.ActiveCfg = Release|Any CPU
		{8CCB35F3-893E-48C7-BDAF-D3712CE702C4}.Release|Any CPU.Build.0 = Release|Any CPU
		{54A855AC-8892-4DCD-998C-E8A5C9150B21}.Debug|Any CPU.ActiveCfg = Debug|Any CPU
		{54A855AC-8892-4DCD-998C-E8A5C9150B21}.Debug|Any CPU.Build.0 = Debug|Any CPU
		{54A855AC-8892-4DCD-998C-E8A5C9150B21}.Release|Any CPU.ActiveCfg = Release|Any CPU
		{54A855AC-8892-4DCD-998C-E8A5C9150B21}.Release|Any CPU.Build.0 = Release|Any CPU
		{2E9CCDB0-0542-4402-A253-108771FCED9C}.Debug|Any CPU.ActiveCfg = Debug|Any CPU
		{2E9CCDB0-0542-4402-A253-108771FCED9C}.Debug|Any CPU.Build.0 = Debug|Any CPU
		{2E9CCDB0-0542-4402-A253-108771FCED9C}.Release|Any CPU.ActiveCfg = Release|Any CPU
		{2E9CCDB0-0542-4402-A253-108771FCED9C}.Release|Any CPU.Build.0 = Release|Any CPU
		{59074E5F-D7D7-4311-910F-C4FEB00980BA}.Debug|Any CPU.ActiveCfg = Debug|Any CPU
		{59074E5F-D7D7-4311-910F-C4FEB00980BA}.Debug|Any CPU.Build.0 = Debug|Any CPU
		{59074E5F-D7D7-4311-910F-C4FEB00980BA}.Release|Any CPU.ActiveCfg = Release|Any CPU
		{59074E5F-D7D7-4311-910F-C4FEB00980BA}.Release|Any CPU.Build.0 = Release|Any CPU
		{3D5E5596-9536-43F7-8EC3-3F6C4AA12587}.Debug|Any CPU.ActiveCfg = Debug|Any CPU
		{3D5E5596-9536-43F7-8EC3-3F6C4AA12587}.Debug|Any CPU.Build.0 = Debug|Any CPU
		{3D5E5596-9536-43F7-8EC3-3F6C4AA12587}.Release|Any CPU.ActiveCfg = Release|Any CPU
		{3D5E5596-9536-43F7-8EC3-3F6C4AA12587}.Release|Any CPU.Build.0 = Release|Any CPU
		{87837523-34F4-4BD2-BC79-F54F3F7D9B42}.Debug|Any CPU.ActiveCfg = Debug|Any CPU
		{87837523-34F4-4BD2-BC79-F54F3F7D9B42}.Debug|Any CPU.Build.0 = Debug|Any CPU
		{87837523-34F4-4BD2-BC79-F54F3F7D9B42}.Release|Any CPU.ActiveCfg = Release|Any CPU
		{87837523-34F4-4BD2-BC79-F54F3F7D9B42}.Release|Any CPU.Build.0 = Release|Any CPU
		{C4F0E4F3-11F9-4580-BECF-5748367389C3}.Debug|Any CPU.ActiveCfg = Debug|Any CPU
		{C4F0E4F3-11F9-4580-BECF-5748367389C3}.Debug|Any CPU.Build.0 = Debug|Any CPU
		{C4F0E4F3-11F9-4580-BECF-5748367389C3}.Release|Any CPU.ActiveCfg = Release|Any CPU
		{C4F0E4F3-11F9-4580-BECF-5748367389C3}.Release|Any CPU.Build.0 = Release|Any CPU
		{4ADBC43E-4B7F-43E3-8A70-FE5D4B5F8AB5}.Debug|Any CPU.ActiveCfg = Debug|Any CPU
		{4ADBC43E-4B7F-43E3-8A70-FE5D4B5F8AB5}.Debug|Any CPU.Build.0 = Debug|Any CPU
		{4ADBC43E-4B7F-43E3-8A70-FE5D4B5F8AB5}.Release|Any CPU.ActiveCfg = Release|Any CPU
		{4ADBC43E-4B7F-43E3-8A70-FE5D4B5F8AB5}.Release|Any CPU.Build.0 = Release|Any CPU
		{6A0A2A0C-76B3-49D3-9A1E-3208F76CF66E}.Debug|Any CPU.ActiveCfg = Debug|Any CPU
		{6A0A2A0C-76B3-49D3-9A1E-3208F76CF66E}.Debug|Any CPU.Build.0 = Debug|Any CPU
		{6A0A2A0C-76B3-49D3-9A1E-3208F76CF66E}.Release|Any CPU.ActiveCfg = Release|Any CPU
		{6A0A2A0C-76B3-49D3-9A1E-3208F76CF66E}.Release|Any CPU.Build.0 = Release|Any CPU
		{6EE37A90-2D5F-42C5-BB08-4D69509A5DA9}.Debug|Any CPU.ActiveCfg = Debug|Any CPU
		{6EE37A90-2D5F-42C5-BB08-4D69509A5DA9}.Debug|Any CPU.Build.0 = Debug|Any CPU
		{6EE37A90-2D5F-42C5-BB08-4D69509A5DA9}.Release|Any CPU.ActiveCfg = Release|Any CPU
		{6EE37A90-2D5F-42C5-BB08-4D69509A5DA9}.Release|Any CPU.Build.0 = Release|Any CPU
		{2C0A7DF6-ADC0-4F44-857C-B5A571FC10F6}.Debug|Any CPU.ActiveCfg = Debug|Any CPU
		{2C0A7DF6-ADC0-4F44-857C-B5A571FC10F6}.Debug|Any CPU.Build.0 = Debug|Any CPU
		{2C0A7DF6-ADC0-4F44-857C-B5A571FC10F6}.Release|Any CPU.ActiveCfg = Release|Any CPU
		{2C0A7DF6-ADC0-4F44-857C-B5A571FC10F6}.Release|Any CPU.Build.0 = Release|Any CPU
		{D6254F9B-0AB1-440E-9F66-84F02B47F62A}.Debug|Any CPU.ActiveCfg = Debug|Any CPU
		{D6254F9B-0AB1-440E-9F66-84F02B47F62A}.Debug|Any CPU.Build.0 = Debug|Any CPU
		{D6254F9B-0AB1-440E-9F66-84F02B47F62A}.Release|Any CPU.ActiveCfg = Release|Any CPU
		{D6254F9B-0AB1-440E-9F66-84F02B47F62A}.Release|Any CPU.Build.0 = Release|Any CPU
	EndGlobalSection
	GlobalSection(NestedProjects) = preSolution
		{5E74668C-6D63-4D93-BD18-16C109B415ED} = {DFC2B09B-4FC8-43F2-97E9-ACA6B866D7A8}
		{2C5D2A0F-19A2-41FB-9928-6CE590E21756} = {DFC2B09B-4FC8-43F2-97E9-ACA6B866D7A8}
		{75F13D11-9F9B-4C5A-8429-4E5FA43CA578} = {DFC2B09B-4FC8-43F2-97E9-ACA6B866D7A8}
		{D2E4EECD-81BC-44A0-B4BE-33ED6BE12A74} = {DFC2B09B-4FC8-43F2-97E9-ACA6B866D7A8}
		{59074E5F-D7D7-4311-910F-C4FEB00980BA} = {DC7CC707-8D6D-46F8-92D3-445BCA763F8A}
		{3D5E5596-9536-43F7-8EC3-3F6C4AA12587} = {DC7CC707-8D6D-46F8-92D3-445BCA763F8A}
		{87837523-34F4-4BD2-BC79-F54F3F7D9B42} = {DC7CC707-8D6D-46F8-92D3-445BCA763F8A}
		{4ADBC43E-4B7F-43E3-8A70-FE5D4B5F8AB5} = {A878D46B-850E-4398-8E4B-99E8E2F9B199}
		{6A0A2A0C-76B3-49D3-9A1E-3208F76CF66E} = {A878D46B-850E-4398-8E4B-99E8E2F9B199}
		{6EE37A90-2D5F-42C5-BB08-4D69509A5DA9} = {A878D46B-850E-4398-8E4B-99E8E2F9B199}
		{2C0A7DF6-ADC0-4F44-857C-B5A571FC10F6} = {A878D46B-850E-4398-8E4B-99E8E2F9B199}
		{D6254F9B-0AB1-440E-9F66-84F02B47F62A} = {DFC2B09B-4FC8-43F2-97E9-ACA6B866D7A8}
	EndGlobalSection
EndGlobal
